
Microsoft Visual Studio Solution File, Format Version 12.00
# Visual Studio Version 16
VisualStudioVersion = 16.0.31129.286
MinimumVisualStudioVersion = 10.0.40219.1
Project("{FAE04EC0-301F-11D3-BF4B-00C04F79EFBC}") = "Covid", "Covid.csproj", "{27F9575F-902B-4FDE-9087-227266CBD390}"
EndProject
Global
	GlobalSection(SolutionConfigurationPlatforms) = preSolution
		Debug|Any CPU = Debug|Any CPU
		Release|Any CPU = Release|Any CPU
	EndGlobalSection
	GlobalSection(ProjectConfigurationPlatforms) = postSolution
		{27F9575F-902B-4FDE-9087-227266CBD390}.Debug|Any CPU.ActiveCfg = Debug|Any CPU
		{27F9575F-902B-4FDE-9087-227266CBD390}.Debug|Any CPU.Build.0 = Debug|Any CPU
		{27F9575F-902B-4FDE-9087-227266CBD390}.Release|Any CPU.ActiveCfg = Release|Any CPU
		{27F9575F-902B-4FDE-9087-227266CBD390}.Release|Any CPU.Build.0 = Release|Any CPU
	EndGlobalSection
	GlobalSection(SolutionProperties) = preSolution
		HideSolutionNode = FALSE
	EndGlobalSection
	GlobalSection(ExtensibilityGlobals) = postSolution
		SolutionGuid = {76E45C90-E7FC-4C4D-B308-1F85FB4DF99C}
	EndGlobalSection
EndGlobal
